github.com/google/uuid v1.6.0 h1:NIvaJDMOsjHA8n1jAhLSgzrAzy1Hgr+hNrb57e+94F0=
github.com/google/uuid v1.6.0/go.mod h1:TIyPZe4MgqvfeYDBFedMoGGpEw/LqOeaOT+nhxU+yHo=
github.com/hlfshell/structured-parse/go v1.0.3 h1:0tUNLFhQKPiIF//N4ceFvmzqGPb2vFEvFDXZCOwfnsQ=
github.com/hlfshell/structured-parse/go v1.0.3/go.mod h1:bfb1ixdmXX9TREnLhqsC22BefJ4/13X7ZfE/ci/0Gxk=
